
Microsoft Visual Studio Solution File, Format Version 12.00
# Visual Studio Version 17
VisualStudioVersion = 17.0.31903.59
MinimumVisualStudioVersion = 10.0.40219.1
Project("{2150E333-8FDC-42A3-9474-1A3956D46DE8}") = "src", "src", "{827E0CD3-B72D-47B6-A68D-7590B98EB39B}"
EndProject
Project("{FAE04EC0-301F-11D3-BF4B-00C04F79EFBC}") = "Rbac.Shared", "src\Rbac.Shared\Rbac.Shared.csproj", "{F35E1B93-14FA-4638-8459-376F707E8832}"
EndProject
Project("{FAE04EC0-301F-11D3-BF4B-00C04F79EFBC}") = "Rbac.ControlPlane", "src\Rbac.ControlPlane\Rbac.ControlPlane.csproj", "{45BEB126-D290-4721-9CFA-10BFAAA43179}"
EndProject
Project("{FAE04EC0-301F-11D3-BF4B-00C04F79EFBC}") = "Rbac.DataPlane", "src\Rbac.DataPlane\Rbac.DataPlane.csproj", "{A4CE70A3-C885-4064-B6A6-22CD84F017C4}"
EndProject
Project("{FAE04EC0-301F-11D3-BF4B-00C04F79EFBC}") = "Rbac.SyncService", "src\Rbac.SyncService\Rbac.SyncService.csproj", "{C4C58453-667B-44CB-9FAD-2101553E5F05}"
EndProject
Project("{FAE04EC0-301F-11D3-BF4B-00C04F79EFBC}") = "Rbac.Shared.Tests", "tests\Rbac.Shared.Tests\Rbac.Shared.Tests.csproj", "{EF5B7789-6500-4B23-BE3B-511F9AC5A663}"
EndProject
Project("{FAE04EC0-301F-11D3-BF4B-00C04F79EFBC}") = "Rbac.ControlPlane.Tests", "tests\Rbac.ControlPlane.Tests\Rbac.ControlPlane.Tests.csproj", "{010663E5-EA50-49B3-95F6-EF60A0E9D0DF}"
EndProject
Project("{FAE04EC0-301F-11D3-BF4B-00C04F79EFBC}") = "Rbac.DataPlane.Tests", "tests\Rbac.DataPlane.Tests\Rbac.DataPlane.Tests.csproj", "{E5DCFA58-DD78-469F-BB5D-547E94340CB7}"
EndProject
Project("{FAE04EC0-301F-11D3-BF4B-00C04F79EFBC}") = "Rbac.SyncService.Tests", "tests\Rbac.SyncService.Tests\Rbac.SyncService.Tests.csproj", "{2D823305-500E-445B-AD7D-5D3B4AA3848F}"
EndProject
Project("{FAE04EC0-301F-11D3-BF4B-00C04F79EFBC}") = "Rbac.IntegrationTests", "tests\Rbac.IntegrationTests\Rbac.IntegrationTests.csproj", "{317E1694-08E6-4110-97CD-24A854F84EAA}"
EndProject
Global
	GlobalSection(SolutionConfigurationPlatforms) = preSolution
		Debug|Any CPU = Debug|Any CPU
		Debug|x64 = Debug|x64
		Debug|x86 = Debug|x86
		Release|Any CPU = Release|Any CPU
		Release|x64 = Release|x64
		Release|x86 = Release|x86
	EndGlobalSection
	GlobalSection(ProjectConfigurationPlatforms) = postSolution
		{F35E1B93-14FA-4638-8459-376F707E8832}.Debug|Any CPU.ActiveCfg = Debug|Any CPU
		{F35E1B93-14FA-4638-8459-376F707E8832}.Debug|Any CPU.Build.0 = Debug|Any CPU
		{F35E1B93-14FA-4638-8459-376F707E8832}.Debug|x64.ActiveCfg = Debug|Any CPU
		{F35E1B93-14FA-4638-8459-376F707E8832}.Debug|x64.Build.0 = Debug|Any CPU
		{F35E1B93-14FA-4638-8459-376F707E8832}.Debug|x86.ActiveCfg = Debug|Any CPU
		{F35E1B93-14FA-4638-8459-376F707E8832}.Debug|x86.Build.0 = Debug|Any CPU
		{F35E1B93-14FA-4638-8459-376F707E8832}.Release|Any CPU.ActiveCfg = Release|Any CPU
		{F35E1B93-14FA-4638-8459-376F707E8832}.Release|Any CPU.Build.0 = Release|Any CPU
		{F35E1B93-14FA-4638-8459-376F707E8832}.Release|x64.ActiveCfg = Release|Any CPU
		{F35E1B93-14FA-4638-8459-376F707E8832}.Release|x64.Build.0 = Release|Any CPU
		{F35E1B93-14FA-4638-8459-376F707E8832}.Release|x86.ActiveCfg = Release|Any CPU
		{F35E1B93-14FA-4638-8459-376F707E8832}.Release|x86.Build.0 = Release|Any CPU
		{45BEB126-D290-4721-9CFA-10BFAAA43179}.Debug|Any CPU.ActiveCfg = Debug|Any CPU
		{45BEB126-D290-4721-9CFA-10BFAAA43179}.Debug|Any CPU.Build.0 = Debug|Any CPU
		{45BEB126-D290-4721-9CFA-10BFAAA43179}.Debug|x64.ActiveCfg = Debug|Any CPU
		{45BEB126-D290-4721-9CFA-10BFAAA43179}.Debug|x64.Build.0 = Debug|Any CPU
		{45BEB126-D290-4721-9CFA-10BFAAA43179}.Debug|x86.ActiveCfg = Debug|Any CPU
		{45BEB126-D290-4721-9CFA-10BFAAA43179}.Debug|x86.Build.0 = Debug|Any CPU
		{45BEB126-D290-4721-9CFA-10BFAAA43179}.Release|Any CPU.ActiveCfg = Release|Any CPU
		{45BEB126-D290-4721-9CFA-10BFAAA43179}.Release|Any CPU.Build.0 = Release|Any CPU
		{45BEB126-D290-4721-9CFA-10BFAAA43179}.Release|x64.ActiveCfg = Release|Any CPU
		{45BEB126-D290-4721-9CFA-10BFAAA43179}.Release|x64.Build.0 = Release|Any CPU
		{45BEB126-D290-4721-9CFA-10BFAAA43179}.Release|x86.ActiveCfg = Release|Any CPU
		{45BEB126-D290-4721-9CFA-10BFAAA43179}.Release|x86.Build.0 = Release|Any CPU
		{A4CE70A3-C885-4064-B6A6-22CD84F017C4}.Debug|Any CPU.ActiveCfg = Debug|Any CPU
		{A4CE70A3-C885-4064-B6A6-22CD84F017C4}.Debug|Any CPU.Build.0 = Debug|Any CPU
		{A4CE70A3-C885-4064-B6A6-22CD84F017C4}.Debug|x64.ActiveCfg = Debug|Any CPU
		{A4CE70A3-C885-4064-B6A6-22CD84F017C4}.Debug|x64.Build.0 = Debug|Any CPU
		{A4CE70A3-C885-4064-B6A6-22CD84F017C4}.Debug|x86.ActiveCfg = Debug|Any CPU
		{A4CE70A3-C885-4064-B6A6-22CD84F017C4}.Debug|x86.Build.0 = Debug|Any CPU
		{A4CE70A3-C885-4064-B6A6-22CD84F017C4}.Release|Any CPU.ActiveCfg = Release|Any CPU
		{A4CE70A3-C885-4064-B6A6-22CD84F017C4}.Release|Any CPU.Build.0 = Release|Any CPU
		{A4CE70A3-C885-4064-B6A6-22CD84F017C4}.Release|x64.ActiveCfg = Release|Any CPU
		{A4CE70A3-C885-4064-B6A6-22CD84F017C4}.Release|x64.Build.0 = Release|Any CPU
		{A4CE70A3-C885-4064-B6A6-22CD84F017C4}.Release|x86.ActiveCfg = Release|Any CPU
		{A4CE70A3-C885-4064-B6A6-22CD84F017C4}.Release|x86.Build.0 = Release|Any CPU
		{C4C58453-667B-44CB-9FAD-2101553E5F05}.Debug|Any CPU.ActiveCfg = Debug|Any CPU
		{C4C58453-667B-44CB-9FAD-2101553E5F05}.Debug|Any CPU.Build.0 = Debug|Any CPU
		{C4C58453-667B-44CB-9FAD-2101553E5F05}.Debug|x64.ActiveCfg = Debug|Any CPU
		{C4C58453-667B-44CB-9FAD-2101553E5F05}.Debug|x64.Build.0 = Debug|Any CPU
		{C4C58453-667B-44CB-9FAD-2101553E5F05}.Debug|x86.ActiveCfg = Debug|Any CPU
		{C4C58453-667B-44CB-9FAD-2101553E5F05}.Debug|x86.Build.0 = Debug|Any CPU
		{C4C58453-667B-44CB-9FAD-2101553E5F05}.Release|Any CPU.ActiveCfg = Release|Any CPU
		{C4C58453-667B-44CB-9FAD-2101553E5F05}.Release|Any CPU.Build.0 = Release|Any CPU
		{C4C58453-667B-44CB-9FAD-2101553E5F05}.Release|x64.ActiveCfg = Release|Any CPU
		{C4C58453-667B-44CB-9FAD-2101553E5F05}.Release|x64.Build.0 = Release|Any CPU
		{C4C58453-667B-44CB-9FAD-2101553E5F05}.Release|x86.ActiveCfg = Release|Any CPU
		{C4C58453-667B-44CB-9FAD-2101553E5F05}.Release|x86.Build.0 = Release|Any CPU
		{EF5B7789-6500-4B23-BE3B-511F9AC5A663}.Debug|Any CPU.ActiveCfg = Debug|Any CPU
		{EF5B7789-6500-4B23-BE3B-511F9AC5A663}.Debug|Any CPU.Build.0 = Debug|Any CPU
		{EF5B7789-6500-4B23-BE3B-511F9AC5A663}.Debug|x64.ActiveCfg = Debug|Any CPU
		{EF5B7789-6500-4B23-BE3B-511F9AC5A663}.Debug|x64.Build.0 = Debug|Any CPU
		{EF5B7789-6500-4B23-BE3B-511F9AC5A663}.Debug|x86.ActiveCfg = Debug|Any CPU
		{EF5B7789-6500-4B23-BE3B-511F9AC5A663}.Debug|x86.Build.0 = Debug|Any CPU
		{EF5B7789-6500-4B23-BE3B-511F9AC5A663}.Release|Any CPU.ActiveCfg = Release|Any CPU
		{EF5B7789-6500-4B23-BE3B-511F9AC5A663}.Release|Any CPU.Build.0 = Release|Any CPU
		{EF5B7789-6500-4B23-BE3B-511F9AC5A663}.Release|x64.ActiveCfg = Release|Any CPU
		{EF5B7789-6500-4B23-BE3B-511F9AC5A663}.Release|x64.Build.0 = Release|Any CPU
		{EF5B7789-6500-4B23-BE3B-511F9AC5A663}.Release|x86.ActiveCfg = Release|Any CPU
		{EF5B7789-6500-4B23-BE3B-511F9AC5A663}.Release|x86.Build.0 = Release|Any CPU
		{010663E5-EA50-49B3-95F6-EF60A0E9D0DF}.Debug|Any CPU.ActiveCfg = Debug|Any CPU
		{010663E5-EA50-49B3-95F6-EF60A0E9D0DF}.Debug|Any CPU.Build.0 = Debug|Any CPU
		{010663E5-EA50-49B3-95F6-EF60A0E9D0DF}.Debug|x64.ActiveCfg = Debug|Any CPU
		{010663E5-EA50-49B3-95F6-EF60A0E9D0DF}.Debug|x64.Build.0 = Debug|Any CPU
		{010663E5-EA50-49B3-95F6-EF60A0E9D0DF}.Debug|x86.ActiveCfg = Debug|Any CPU
		{010663E5-EA50-49B3-95F6-EF60A0E9D0DF}.Debug|x86.Build.0 = Debug|Any CPU
		{010663E5-EA50-49B3-95F6-EF60A0E9D0DF}.Release|Any CPU.ActiveCfg = Release|Any CPU
		{010663E5-EA50-49B3-95F6-EF60A0E9D0DF}.Release|Any CPU.Build.0 = Release|Any CPU
		{010663E5-EA50-49B3-95F6-EF60A0E9D0DF}.Release|x64.ActiveCfg = Release|Any CPU
		{010663E5-EA50-49B3-95F6-EF60A0E9D0DF}.Release|x64.Build.0 = Release|Any CPU
		{010663E5-EA50-49B3-95F6-EF60A0E9D0DF}.Release|x86.ActiveCfg = Release|Any CPU
		{010663E5-EA50-49B3-95F6-EF60A0E9D0DF}.Release|x86.Build.0 = Release|Any CPU
		{E5DCFA58-DD78-469F-BB5D-547E94340CB7}.Debug|Any CPU.ActiveCfg = Debug|Any CPU
		{E5DCFA58-DD78-469F-BB5D-547E94340CB7}.Debug|Any CPU.Build.0 = Debug|Any CPU
		{E5DCFA58-DD78-469F-BB5D-547E94340CB7}.Debug|x64.ActiveCfg = Debug|Any CPU
		{E5DCFA58-DD78-469F-BB5D-547E94340CB7}.Debug|x64.Build.0 = Debug|Any CPU
		{E5DCFA58-DD78-469F-BB5D-547E94340CB7}.Debug|x86.ActiveCfg = Debug|Any CPU
		{E5DCFA58-DD78-469F-BB5D-547E94340CB7}.Debug|x86.Build.0 = Debug|Any CPU
		{E5DCFA58-DD78-469F-BB5D-547E94340CB7}.Release|Any CPU.ActiveCfg = Release|Any CPU
		{E5DCFA58-DD78-469F-BB5D-547E94340CB7}.Release|Any CPU.Build.0 = Release|Any CPU
		{E5DCFA58-DD78-469F-BB5D-547E94340CB7}.Release|x64.ActiveCfg = Release|Any CPU
		{E5DCFA58-DD78-469F-BB5D-547E94340CB7}.Release|x64.Build.0 = Release|Any CPU
		{E5DCFA58-DD78-469F-BB5D-547E94340CB7}.Release|x86.ActiveCfg = Release|Any CPU
		{E5DCFA58-DD78-469F-BB5D-547E94340CB7}.Release|x86.Build.0 = Release|Any CPU
		{2D823305-500E-445B-AD7D-5D3B4AA3848F}.Debug|Any CPU.ActiveCfg = Debug|Any CPU
		{2D823305-500E-445B-AD7D-5D3B4AA3848F}.Debug|Any CPU.Build.0 = Debug|Any CPU
		{2D823305-500E-445B-AD7D-5D3B4AA3848F}.Debug|x64.ActiveCfg = Debug|Any CPU
		{2D823305-500E-445B-AD7D-5D3B4AA3848F}.Debug|x64.Build.0 = Debug|Any CPU
		{2D823305-500E-445B-AD7D-5D3B4AA3848F}.Debug|x86.ActiveCfg = Debug|Any CPU
		{2D823305-500E-445B-AD7D-5D3B4AA3848F}.Debug|x86.Build.0 = Debug|Any CPU
		{2D823305-500E-445B-AD7D-5D3B4AA3848F}.Release|Any CPU.ActiveCfg = Release|Any CPU
		{2D823305-500E-445B-AD7D-5D3B4AA3848F}.Release|Any CPU.Build.0 = Release|Any CPU
		{2D823305-500E-445B-AD7D-5D3B4AA3848F}.Release|x64.ActiveCfg = Release|Any CPU
		{2D823305-500E-445B-AD7D-5D3B4AA3848F}.Release|x64.Build.0 = Release|Any CPU
		{2D823305-500E-445B-AD7D-5D3B4AA3848F}.Release|x86.ActiveCfg = Release|Any CPU
		{2D823305-500E-445B-AD7D-5D3B4AA3848F}.Release|x86.Build.0 = Release|Any CPU
		{317E1694-08E6-4110-97CD-24A854F84EAA}.Debug|Any CPU.ActiveCfg = Debug|Any CPU
		{317E1694-08E6-4110-97CD-24A854F84EAA}.Debug|Any CPU.Build.0 = Debug|Any CPU
		{317E1694-08E6-4110-97CD-24A854F84EAA}.Debug|x64.ActiveCfg = Debug|Any CPU
		{317E1694-08E6-4110-97CD-24A854F84EAA}.Debug|x64.Build.0 = Debug|Any CPU
		{317E1694-08E6-4110-97CD-24A854F84EAA}.Debug|x86.ActiveCfg = Debug|Any CPU
		{317E1694-08E6-4110-97CD-24A854F84EAA}.Debug|x86.Build.0 = Debug|Any CPU
		{317E1694-08E6-4110-97CD-24A854F84EAA}.Release|Any CPU.ActiveCfg = Release|Any CPU
		{317E1694-08E6-4110-97CD-24A854F84EAA}.Release|Any CPU.Build.0 = Release|Any CPU
		{317E1694-08E6-4110-97CD-24A854F84EAA}.Release|x64.ActiveCfg = Release|Any CPU
		{317E1694-08E6-4110-97CD-24A854F84EAA}.Release|x64.Build.0 = Release|Any CPU
		{317E1694-08E6-4110-97CD-24A854F84EAA}.Release|x86.ActiveCfg = Release|Any CPU
		{317E1694-08E6-4110-97CD-24A854F84EAA}.Release|x86.Build.0 = Release|Any CPU
	EndGlobalSection
	GlobalSection(SolutionProperties) = preSolution
		HideSolutionNode = FALSE
	EndGlobalSection
	GlobalSection(NestedProjects) = preSolution
		{F35E1B93-14FA-4638-8459-376F707E8832} = {827E0CD3-B72D-47B6-A68D-7590B98EB39B}
		{45BEB126-D290-4721-9CFA-10BFAAA43179} = {827E0CD3-B72D-47B6-A68D-7590B98EB39B}
		{A4CE70A3-C885-4064-B6A6-22CD84F017C4} = {827E0CD3-B72D-47B6-A68D-7590B98EB39B}
		{C4C58453-667B-44CB-9FAD-2101553E5F05} = {827E0CD3-B72D-47B6-A68D-7590B98EB39B}
		{EF5B7789-6500-4B23-BE3B-511F9AC5A663} = {827E0CD3-B72D-47B6-A68D-7590B98EB39B}
		{010663E5-EA50-49B3-95F6-EF60A0E9D0DF} = {827E0CD3-B72D-47B6-A68D-7590B98EB39B}
		{E5DCFA58-DD78-469F-BB5D-547E94340CB7} = {827E0CD3-B72D-47B6-A68D-7590B98EB39B}
		{2D823305-500E-445B-AD7D-5D3B4AA3848F} = {827E0CD3-B72D-47B6-A68D-7590B98EB39B}
		{317E1694-08E6-4110-97CD-24A854F84EAA} = {827E0CD3-B72D-47B6-A68D-7590B98EB39B}
	EndGlobalSection
EndGlobal
